PODS:
  - camera_avfoundation (0.0.1):
    - Flutter
  - file_saver (0.0.1):
    - Flutter
  - Flutter (1.0.0)
  - flutter_icmp_ping (0.0.1):
    - Flutter
  - flutter_inappwebview_ios (0.0.1):
    - Flutter
    - flutter_inappwebview_ios/Core (= 0.0.1)
    - OrderedSet (~> 5.0)
  - flutter_inappwebview_ios/Core (0.0.1):
    - Flutter
    - OrderedSet (~> 5.0)
  - flutter_keyboard_visibility (0.0.1):
    - Flutter
  - flutter_web_browser (0.17.1):
    - Flutter
  - FMDB (2.7.5):
    - FMDB/standard (= 2.7.5)
  - FMDB/standard (2.7.5)
  - gal (1.0.0):
    - Flutter
    - FlutterMacOS
  - image_gallery_saver (2.0.2):
    - Flutter
  - in_app_review (0.2.0):
    - Flutter
  - network_info_plus (0.0.1):
    - Flutter
  - OrderedSet (5.0.0)
  - package_info_plus (0.4.5):
    - Flutter
  - path_provider_foundation (0.0.1):
    - Flutter
    - FlutterMacOS
  - permission_handler_apple (9.1.1):
    - Flutter
  - shared_preferences_foundation (0.0.1):
    - Flutter
    - FlutterMacOS
  - speech_to_text (0.0.1):
    - Flutter
    - Try
  - sqflite (0.0.3):
    - Flutter
    - FMDB (>= 2.7.5)
  - Try (2.1.1)
  - url_launcher_ios (0.0.1):
    - Flutter
  - video_player_avfoundation (0.0.1):
    - Flutter
  - wakelock_plus (0.0.1):
    - Flutter
  - webview_flutter_wkwebview (0.0.1):
    - Flutter

DEPENDENCIES:
  - camera_avfoundation (from `.symlinks/plugins/camera_avfoundation/ios`)
  - file_saver (from `.symlinks/plugins/file_saver/ios`)
  - Flutter (from `Flutter`)
  - flutter_icmp_ping (from `.symlinks/plugins/flutter_icmp_ping/ios`)
  - flutter_inappwebview_ios (from `.symlinks/plugins/flutter_inappwebview_ios/ios`)
  - flutter_keyboard_visibility (from `.symlinks/plugins/flutter_keyboard_visibility/ios`)
  - flutter_web_browser (from `.symlinks/plugins/flutter_web_browser/ios`)
  - gal (from `.symlinks/plugins/gal/darwin`)
  - image_gallery_saver (from `.symlinks/plugins/image_gallery_saver/ios`)
  - in_app_review (from `.symlinks/plugins/in_app_review/ios`)
  - network_info_plus (from `.symlinks/plugins/network_info_plus/ios`)
  - package_info_plus (from `.symlinks/plugins/package_info_plus/ios`)
  - path_provider_foundation (from `.symlinks/plugins/path_provider_foundation/darwin`)
  - permission_handler_apple (from `.symlinks/plugins/permission_handler_apple/ios`)
  - shared_preferences_foundation (from `.symlinks/plugins/shared_preferences_foundation/darwin`)
  - speech_to_text (from `.symlinks/plugins/speech_to_text/ios`)
  - sqflite (from `.symlinks/plugins/sqflite/ios`)
  - url_launcher_ios (from `.symlinks/plugins/url_launcher_ios/ios`)
  - video_player_avfoundation (from `.symlinks/plugins/video_player_avfoundation/ios`)
  - wakelock_plus (from `.symlinks/plugins/wakelock_plus/ios`)
  - webview_flutter_wkwebview (from `.symlinks/plugins/webview_flutter_wkwebview/ios`)

SPEC REPOS:
  trunk:
    - FMDB
    - OrderedSet
    - Try

EXTERNAL SOURCES:
  camera_avfoundation:
    :path: ".symlinks/plugins/camera_avfoundation/ios"
  file_saver:
    :path: ".symlinks/plugins/file_saver/ios"
  Flutter:
    :path: Flutter
  flutter_icmp_ping:
    :path: ".symlinks/plugins/flutter_icmp_ping/ios"
  flutter_inappwebview_ios:
    :path: ".symlinks/plugins/flutter_inappwebview_ios/ios"
  flutter_keyboard_visibility:
    :path: ".symlinks/plugins/flutter_keyboard_visibility/ios"
  flutter_web_browser:
    :path: ".symlinks/plugins/flutter_web_browser/ios"
  gal:
    :path: ".symlinks/plugins/gal/darwin"
  image_gallery_saver:
    :path: ".symlinks/plugins/image_gallery_saver/ios"
  in_app_review:
    :path: ".symlinks/plugins/in_app_review/ios"
  network_info_plus:
    :path: ".symlinks/plugins/network_info_plus/ios"
  package_info_plus:
    :path: ".symlinks/plugins/package_info_plus/ios"
  path_provider_foundation:
    :path: ".symlinks/plugins/path_provider_foundation/darwin"
  permission_handler_apple:
    :path: ".symlinks/plugins/permission_handler_apple/ios"
  shared_preferences_foundation:
    :path: ".symlinks/plugins/shared_preferences_foundation/darwin"
  speech_to_text:
    :path: ".symlinks/plugins/speech_to_text/ios"
  sqflite:
    :path: ".symlinks/plugins/sqflite/ios"
  url_launcher_ios:
    :path: ".symlinks/plugins/url_launcher_ios/ios"
  video_player_avfoundation:
    :path: ".symlinks/plugins/video_player_avfoundation/ios"
  wakelock_plus:
    :path: ".symlinks/plugins/wakelock_plus/ios"
  webview_flutter_wkwebview:
    :path: ".symlinks/plugins/webview_flutter_wkwebview/ios"

SPEC CHECKSUMS:
  camera_avfoundation: 3125e8cd1a4387f6f31c6c63abb8a55892a9eeeb
  file_saver: 503e386464dbe118f630e17b4c2e1190fa0cf808
  Flutter: e0871f40cf51350855a761d2e70bf5af5b9b5de7
  flutter_icmp_ping: 2b159955eee0c487c766ad83fec224ae35e7c935
  flutter_inappwebview_ios: 97215cf7d4677db55df76782dbd2930c5e1c1ea0
  flutter_keyboard_visibility: 0339d06371254c3eb25eeb90ba8d17dca8f9c069
  flutter_web_browser: 7bccaafbb0c5b8862afe7bcd158f15557109f61f
  FMDB: 2ce00b547f966261cd18927a3ddb07cb6f3db82a
  gal: 61e868295d28fe67ffa297fae6dacebf56fd53e1
  image_gallery_saver: cb43cc43141711190510e92c460eb1655cd343cb
  in_app_review: 318597b3a06c22bb46dc454d56828c85f444f99d
  network_info_plus: 6d0c3eb8367b8164fa3fb0c19875e3f59d49697f
  OrderedSet: aaeb196f7fef5a9edf55d89760da9176ad40b93c
  package_info_plus: 115f4ad11e0698c8c1c5d8a689390df880f47e85
  path_provider_foundation: 29f094ae23ebbca9d3d0cec13889cd9060c0e943
  permission_handler_apple: e76247795d700c14ea09e3a2d8855d41ee80a2e6
  shared_preferences_foundation: 5b919d13b803cadd15ed2dc053125c68730e5126
  speech_to_text: b43a7d99aef037bd758ed8e45d79bbac035d2dfe
  sqflite: 31f7eba61e3074736dff8807a9b41581e4f7f15a
  Try: 5ef669ae832617b3cee58cb2c6f99fb767a4ff96
  url_launcher_ios: 68d46cc9766d0c41dbdc884310529557e3cd7a86
  video_player_avfoundation: 81e49bb3d9fb63dccf9fa0f6d877dc3ddbeac126
  wakelock_plus: 8b09852c8876491e4b6d179e17dfe2a0b5f60d47
  webview_flutter_wkwebview: 2e2d318f21a5e036e2c3f26171342e95908bd60a

PODFILE CHECKSUM: 819463e6a0290f5a72f145ba7cde16e8b6ef0796

COCOAPODS: 1.14.3
